{
  "name": "least-slack-scheduler",
  "version": "1.0.2",
  "lockfileVersion": 1,
  "requires": true,
  "dependencies": {
    "qheap": {
      "version": "1.4.0",
      "resolved": "https://registry.npmjs.org/qheap/-/qheap-1.4.0.tgz",
      "integrity": "sha1-LSY+20wfckSnpZH5t3ZFvLzZ3S4="
    }
  }
}
